
Microsoft Visual Studio Solution File, Format Version 12.00
Project("{FAE04EC0-301F-11D3-BF4B-00C04F79EFBC}") = "Entity", "Entity\Entity.csproj", "{18D3F880-17D0-40AD-A6E7-82774D2F8839}"
EndProject
Project("{FAE04EC0-301F-11D3-BF4B-00C04F79EFBC}") = "DataAccess", "DataAccess\DataAccess.csproj", "{A075B11A-4B5D-4CED-B203-59E42E0D89C0}"
EndProject
Project("{FAE04EC0-301F-11D3-BF4B-00C04F79EFBC}") = "Business", "Business\Business.csproj", "{7D4103AE-3D4D-447C-904B-BFCB62BE2A5D}"
EndProject
Project("{FAE04EC0-301F-11D3-BF4B-00C04F79EFBC}") = "ConsoleUI", "ConsoleUI\ConsoleUI.csproj", "{1A33671F-FFFB-449E-B932-5407E774F386}"
EndProject
Project("{FAE04EC0-301F-11D3-BF4B-00C04F79EFBC}") = "Core", "Core\Core.csproj", "{7B257FDA-991C-46A0-9E21-2B38AC8EE757}"
EndProject
Project("{FAE04EC0-301F-11D3-BF4B-00C04F79EFBC}") = "WebAPI", "WebAPI\WebAPI.csproj", "{118C88D9-9C78-4318-9FD5-74B6043ACB64}"
EndProject
Global
	GlobalSection(SolutionConfigurationPlatforms) = preSolution
		Debug|Any CPU = Debug|Any CPU
		Release|Any CPU = Release|Any CPU
	EndGlobalSection
	GlobalSection(ProjectConfigurationPlatforms) = postSolution
		{18D3F880-17D0-40AD-A6E7-82774D2F8839}.Debug|Any CPU.ActiveCfg = Debug|Any CPU
		{18D3F880-17D0-40AD-A6E7-82774D2F8839}.Debug|Any CPU.Build.0 = Debug|Any CPU
		{18D3F880-17D0-40AD-A6E7-82774D2F8839}.Release|Any CPU.ActiveCfg = Release|Any CPU
		{18D3F880-17D0-40AD-A6E7-82774D2F8839}.Release|Any CPU.Build.0 = Release|Any CPU
		{A075B11A-4B5D-4CED-B203-59E42E0D89C0}.Debug|Any CPU.ActiveCfg = Debug|Any CPU
		{A075B11A-4B5D-4CED-B203-59E42E0D89C0}.Debug|Any CPU.Build.0 = Debug|Any CPU
		{A075B11A-4B5D-4CED-B203-59E42E0D89C0}.Release|Any CPU.ActiveCfg = Release|Any CPU
		{A075B11A-4B5D-4CED-B203-59E42E0D89C0}.Release|Any CPU.Build.0 = Release|Any CPU
		{7D4103AE-3D4D-447C-904B-BFCB62BE2A5D}.Debug|Any CPU.ActiveCfg = Debug|Any CPU
		{7D4103AE-3D4D-447C-904B-BFCB62BE2A5D}.Debug|Any CPU.Build.0 = Debug|Any CPU
		{7D4103AE-3D4D-447C-904B-BFCB62BE2A5D}.Release|Any CPU.ActiveCfg = Release|Any CPU
		{7D4103AE-3D4D-447C-904B-BFCB62BE2A5D}.Release|Any CPU.Build.0 = Release|Any CPU
		{1A33671F-FFFB-449E-B932-5407E774F386}.Debug|Any CPU.ActiveCfg = Debug|Any CPU
		{1A33671F-FFFB-449E-B932-5407E774F386}.Debug|Any CPU.Build.0 = Debug|Any CPU
		{1A33671F-FFFB-449E-B932-5407E774F386}.Release|Any CPU.ActiveCfg = Release|Any CPU
		{1A33671F-FFFB-449E-B932-5407E774F386}.Release|Any CPU.Build.0 = Release|Any CPU
		{7B257FDA-991C-46A0-9E21-2B38AC8EE757}.Debug|Any CPU.ActiveCfg = Debug|Any CPU
		{7B257FDA-991C-46A0-9E21-2B38AC8EE757}.Debug|Any CPU.Build.0 = Debug|Any CPU
		{7B257FDA-991C-46A0-9E21-2B38AC8EE757}.Release|Any CPU.ActiveCfg = Release|Any CPU
		{7B257FDA-991C-46A0-9E21-2B38AC8EE757}.Release|Any CPU.Build.0 = Release|Any CPU
		{118C88D9-9C78-4318-9FD5-74B6043ACB64}.Debug|Any CPU.ActiveCfg = Debug|Any CPU
		{118C88D9-9C78-4318-9FD5-74B6043ACB64}.Debug|Any CPU.Build.0 = Debug|Any CPU
		{118C88D9-9C78-4318-9FD5-74B6043ACB64}.Release|Any CPU.ActiveCfg = Release|Any CPU
		{118C88D9-9C78-4318-9FD5-74B6043ACB64}.Release|Any CPU.Build.0 = Release|Any CPU
	EndGlobalSection
EndGlobal
