
Microsoft Visual Studio Solution File, Format Version 12.00
# Visual Studio Version 16
VisualStudioVersion = 25.0.1706.4
MinimumVisualStudioVersion = 10.0.40219.1
Project("{FAE04EC0-301F-11D3-BF4B-00C04F79EFBC}") = "CSharp_Basics", "CSharp_Basics.csproj", "{0DD1440F-A2A3-4086-A940-4E44CF88C4C2}"
EndProject
Global
	GlobalSection(SolutionConfigurationPlatforms) = preSolution
		Debug|Any CPU = Debug|Any CPU
		Release|Any CPU = Release|Any CPU
	EndGlobalSection
	GlobalSection(ProjectConfigurationPlatforms) = postSolution
		{0DD1440F-A2A3-4086-A940-4E44CF88C4C2}.Debug|Any CPU.ActiveCfg = Debug|Any CPU
		{0DD1440F-A2A3-4086-A940-4E44CF88C4C2}.Debug|Any CPU.Build.0 = Debug|Any CPU
		{0DD1440F-A2A3-4086-A940-4E44CF88C4C2}.Release|Any CPU.ActiveCfg = Release|Any CPU
		{0DD1440F-A2A3-4086-A940-4E44CF88C4C2}.Release|Any CPU.Build.0 = Release|Any CPU
	EndGlobalSection
	GlobalSection(SolutionProperties) = preSolution
		HideSolutionNode = FALSE
	EndGlobalSection
	GlobalSection(ExtensibilityGlobals) = postSolution
		SolutionGuid = {5EBC0134-766C-4B8A-8F43-030248B2870E}
	EndGlobalSection
EndGlobal
